// !$*UTF8*$!
{
	archiveVersion = 1;
	classes = {
	};
	objectVersion = 56;
	objects = {

/* Begin PBXBuildFile section */
		A0A112C22C0D3AB100ED69BB /* SettingsView.swift in Sources */ = {isa = PBXBuildFile; fileRef = A0A112C12C0D3AB100ED69BB /* SettingsView.swift */; };
		A0A112C42C0D3AB800ED69BB /* GlossaryView.swift in Sources */ = {isa = PBXBuildFile; fileRef = A0A112C32C0D3AB800ED69BB /* GlossaryView.swift */; };
		A0A112E02C0D554B00ED69BB /* RestaurantListItemViewModel.swift in Sources */ = {isa = PBXBuildFile; fileRef = A0A112DF2C0D554B00ED69BB /* RestaurantListItemViewModel.swift */; };
		A0A112E32C0D586600ED69BB /* Date+FormattedString.swift in Sources */ = {isa = PBXBuildFile; fileRef = A0A112E22C0D586600ED69BB /* Date+FormattedString.swift */; };
		A0A112E52C0D5A1200ED69BB /* Constants.swift in Sources */ = {isa = PBXBuildFile; fileRef = A0A112E42C0D5A1200ED69BB /* Constants.swift */; };
		A0A112E72C0D7F4300ED69BB /* GlossaryViewModel.swift in Sources */ = {isa = PBXBuildFile; fileRef = A0A112E62C0D7F4300ED69BB /* GlossaryViewModel.swift */; };
		A0A112E92C0D802300ED69BB /* GlossaryListItemViewModel.swift in Sources */ = {isa = PBXBuildFile; fileRef = A0A112E82C0D802300ED69BB /* GlossaryListItemViewModel.swift */; };
		A0A112EB2C0D808A00ED69BB /* SearchBar.swift in Sources */ = {isa = PBXBuildFile; fileRef = A0A112EA2C0D808A00ED69BB /* SearchBar.swift */; };
		A0A112EE2C0D99E100ED69BB /* RestaurantDishListView.swift in Sources */ = {isa = PBXBuildFile; fileRef = A0A112ED2C0D99E100ED69BB /* RestaurantDishListView.swift */; };
		A98973862C0A01FC008B1DC1 /* ReviewListRepository.swift in Sources */ = {isa = PBXBuildFile; fileRef = A98973852C0A01FC008B1DC1 /* ReviewListRepository.swift */; };
		A989738A2C0A0226008B1DC1 /* DefaultReviewListRepository.swift in Sources */ = {isa = PBXBuildFile; fileRef = A98973892C0A0226008B1DC1 /* DefaultReviewListRepository.swift */; };
		A989738D2C0A0270008B1DC1 /* Dish.swift in Sources */ = {isa = PBXBuildFile; fileRef = A989738C2C0A0270008B1DC1 /* Dish.swift */; };
		A989738F2C0A0276008B1DC1 /* Restaurant.swift in Sources */ = {isa = PBXBuildFile; fileRef = A989738E2C0A0276008B1DC1 /* Restaurant.swift */; };
		A98973912C0A0283008B1DC1 /* TasteCategory.swift in Sources */ = {isa = PBXBuildFile; fileRef = A98973902C0A0283008B1DC1 /* TasteCategory.swift */; };
		A98973932C0A02D1008B1DC1 /* ReviewListStorage.swift in Sources */ = {isa = PBXBuildFile; fileRef = A98973922C0A02D1008B1DC1 /* ReviewListStorage.swift */; };
		A98973952C0A02DF008B1DC1 /* FileGenerator.swift in Sources */ = {isa = PBXBuildFile; fileRef = A98973942C0A02DF008B1DC1 /* FileGenerator.swift */; };
		A98973972C0A030C008B1DC1 /* RestaurantEntity.swift in Sources */ = {isa = PBXBuildFile; fileRef = A98973962C0A030C008B1DC1 /* RestaurantEntity.swift */; };
		A98973992C0A0313008B1DC1 /* DishEntity.swift in Sources */ = {isa = PBXBuildFile; fileRef = A98973982C0A0313008B1DC1 /* DishEntity.swift */; };
		A99D19972C08A87E004042FD /* ShariUIApp.swift in Sources */ = {isa = PBXBuildFile; fileRef = A99D19962C08A87E004042FD /* ShariUIApp.swift */; };
		A99D199B2C08A883004042FD /* Assets.xcassets in Resources */ = {isa = PBXBuildFile; fileRef = A99D199A2C08A883004042FD /* Assets.xcassets */; };
		A99D199E2C08A883004042FD /* Preview Assets.xcassets in Resources */ = {isa = PBXBuildFile; fileRef = A99D199D2C08A883004042FD /* Preview Assets.xcassets */; };
		A99D19A72C08A8FE004042FD /* AppFlowCoordinator.swift in Sources */ = {isa = PBXBuildFile; fileRef = A99D19A62C08A8FE004042FD /* AppFlowCoordinator.swift */; };
		A99D19A92C08A907004042FD /* AppDIContainer.swift in Sources */ = {isa = PBXBuildFile; fileRef = A99D19A82C08A907004042FD /* AppDIContainer.swift */; };
		A99D19AB2C08A913004042FD /* SceneDIContainer.swift in Sources */ = {isa = PBXBuildFile; fileRef = A99D19AA2C08A913004042FD /* SceneDIContainer.swift */; };
		A99D19AD2C08A928004042FD /* AppConfiguration.swift in Sources */ = {isa = PBXBuildFile; fileRef = A99D19AC2C08A928004042FD /* AppConfiguration.swift */; };
		A99D19AF2C08A9BF004042FD /* ViewFlowCoordinator.swift in Sources */ = {isa = PBXBuildFile; fileRef = A99D19AE2C08A9BF004042FD /* ViewFlowCoordinator.swift */; };
		A99D19B12C08AABA004042FD /* RestaurantListView.swift in Sources */ = {isa = PBXBuildFile; fileRef = A99D19B02C08AABA004042FD /* RestaurantListView.swift */; };
		A99D19B42C08AEEA004042FD /* RestaurantListViewModel.swift in Sources */ = {isa = PBXBuildFile; fileRef = A99D19B32C08AEEA004042FD /* RestaurantListViewModel.swift */; };
/* End PBXBuildFile section */

/* Begin PBXFileReference section */
		A0A112C12C0D3AB100ED69BB /* SettingsView.swift */ = {isa = PBXFileReference; lastKnownFileType = sourcecode.swift; path = SettingsView.swift; sourceTree = "<group>"; };
		A0A112C32C0D3AB800ED69BB /* GlossaryView.swift */ = {isa = PBXFileReference; lastKnownFileType = sourcecode.swift; path = GlossaryView.swift; sourceTree = "<group>"; };
		A0A112DF2C0D554B00ED69BB /* RestaurantListItemViewModel.swift */ = {isa = PBXFileReference; lastKnownFileType = sourcecode.swift; path = RestaurantListItemViewModel.swift; sourceTree = "<group>"; };
		A0A112E22C0D586600ED69BB /* Date+FormattedString.swift */ = {isa = PBXFileReference; lastKnownFileType = sourcecode.swift; path = "Date+FormattedString.swift"; sourceTree = "<group>"; };
		A0A112E42C0D5A1200ED69BB /* Constants.swift */ = {isa = PBXFileReference; lastKnownFileType = sourcecode.swift; path = Constants.swift; sourceTree = "<group>"; };
		A0A112E62C0D7F4300ED69BB /* GlossaryViewModel.swift */ = {isa = PBXFileReference; lastKnownFileType = sourcecode.swift; path = GlossaryViewModel.swift; sourceTree = "<group>"; };
		A0A112E82C0D802300ED69BB /* GlossaryListItemViewModel.swift */ = {isa = PBXFileReference; lastKnownFileType = sourcecode.swift; path = GlossaryListItemViewModel.swift; sourceTree = "<group>"; };
		A0A112EA2C0D808A00ED69BB /* SearchBar.swift */ = {isa = PBXFileReference; lastKnownFileType = sourcecode.swift; path = SearchBar.swift; sourceTree = "<group>"; };
		A0A112ED2C0D99E100ED69BB /* RestaurantDishListView.swift */ = {isa = PBXFileReference; lastKnownFileType = sourcecode.swift; path = RestaurantDishListView.swift; sourceTree = "<group>"; };
		A98973852C0A01FC008B1DC1 /* ReviewListRepository.swift */ = {isa = PBXFileReference; lastKnownFileType = sourcecode.swift; path = ReviewListRepository.swift; sourceTree = "<group>"; };
		A98973892C0A0226008B1DC1 /* DefaultReviewListRepository.swift */ = {isa = PBXFileReference; lastKnownFileType = sourcecode.swift; path = DefaultReviewListRepository.swift; sourceTree = "<group>"; };
		A989738C2C0A0270008B1DC1 /* Dish.swift */ = {isa = PBXFileReference; lastKnownFileType = sourcecode.swift; path = Dish.swift; sourceTree = "<group>"; };
		A989738E2C0A0276008B1DC1 /* Restaurant.swift */ = {isa = PBXFileReference; lastKnownFileType = sourcecode.swift; path = Restaurant.swift; sourceTree = "<group>"; };
		A98973902C0A0283008B1DC1 /* TasteCategory.swift */ = {isa = PBXFileReference; lastKnownFileType = sourcecode.swift; path = TasteCategory.swift; sourceTree = "<group>"; };
		A98973922C0A02D1008B1DC1 /* ReviewListStorage.swift */ = {isa = PBXFileReference; lastKnownFileType = sourcecode.swift; path = ReviewListStorage.swift; sourceTree = "<group>"; };
		A98973942C0A02DF008B1DC1 /* FileGenerator.swift */ = {isa = PBXFileReference; lastKnownFileType = sourcecode.swift; path = FileGenerator.swift; sourceTree = "<group>"; };
		A98973962C0A030C008B1DC1 /* RestaurantEntity.swift */ = {isa = PBXFileReference; lastKnownFileType = sourcecode.swift; path = RestaurantEntity.swift; sourceTree = "<group>"; };
		A98973982C0A0313008B1DC1 /* DishEntity.swift */ = {isa = PBXFileReference; lastKnownFileType = sourcecode.swift; path = DishEntity.swift; sourceTree = "<group>"; };
		A99D19932C08A87E004042FD /* ShariUI.app */ = {isa = PBXFileReference; explicitFileType = wrapper.application; includeInIndex = 0; path = ShariUI.app; sourceTree = BUILT_PRODUCTS_DIR; };
		A99D19962C08A87E004042FD /* ShariUIApp.swift */ = {isa = PBXFileReference; lastKnownFileType = sourcecode.swift; path = ShariUIApp.swift; sourceTree = "<group>"; };
		A99D199A2C08A883004042FD /* Assets.xcassets */ = {isa = PBXFileReference; lastKnownFileType = folder.assetcatalog; path = Assets.xcassets; sourceTree = "<group>"; };
		A99D199D2C08A883004042FD /* Preview Assets.xcassets */ = {isa = PBXFileReference; lastKnownFileType = folder.assetcatalog; path = "Preview Assets.xcassets"; sourceTree = "<group>"; };
		A99D19A62C08A8FE004042FD /* AppFlowCoordinator.swift */ = {isa = PBXFileReference; lastKnownFileType = sourcecode.swift; path = AppFlowCoordinator.swift; sourceTree = "<group>"; };
		A99D19A82C08A907004042FD /* AppDIContainer.swift */ = {isa = PBXFileReference; lastKnownFileType = sourcecode.swift; path = AppDIContainer.swift; sourceTree = "<group>"; };
		A99D19AA2C08A913004042FD /* SceneDIContainer.swift */ = {isa = PBXFileReference; lastKnownFileType = sourcecode.swift; path = SceneDIContainer.swift; sourceTree = "<group>"; };
		A99D19AC2C08A928004042FD /* AppConfiguration.swift */ = {isa = PBXFileReference; lastKnownFileType = sourcecode.swift; path = AppConfiguration.swift; sourceTree = "<group>"; };
		A99D19AE2C08A9BF004042FD /* ViewFlowCoordinator.swift */ = {isa = PBXFileReference; lastKnownFileType = sourcecode.swift; path = ViewFlowCoordinator.swift; sourceTree = "<group>"; };
		A99D19B02C08AABA004042FD /* RestaurantListView.swift */ = {isa = PBXFileReference; lastKnownFileType = sourcecode.swift; path = RestaurantListView.swift; sourceTree = "<group>"; };
		A99D19B32C08AEEA004042FD /* RestaurantListViewModel.swift */ = {isa = PBXFileReference; lastKnownFileType = sourcecode.swift; path = RestaurantListViewModel.swift; sourceTree = "<group>"; };
/* End PBXFileReference section */

/* Begin PBXFrameworksBuildPhase section */
		A99D19902C08A87E004042FD /* Frameworks */ = {
			isa = PBXFrameworksBuildPhase;
			buildActionMask = 2147483647;
			files = (
			);
			runOnlyForDeploymentPostprocessing = 0;
		};
/* End PBXFrameworksBuildPhase section */

/* Begin PBXGroup section */
		A0A112BF2C0D3A9900ED69BB /* GlossaryView */ = {
			isa = PBXGroup;
			children = (
				A0A112C32C0D3AB800ED69BB /* GlossaryView.swift */,
				A0A112E62C0D7F4300ED69BB /* GlossaryViewModel.swift */,
				A0A112E82C0D802300ED69BB /* GlossaryListItemViewModel.swift */,
				A0A112EA2C0D808A00ED69BB /* SearchBar.swift */,
			);
			path = GlossaryView;
			sourceTree = "<group>";
		};
		A0A112C02C0D3AA100ED69BB /* SettingsView */ = {
			isa = PBXGroup;
			children = (
				A0A112C12C0D3AB100ED69BB /* SettingsView.swift */,
			);
			path = SettingsView;
			sourceTree = "<group>";
		};
		A0A112E12C0D585900ED69BB /* Extensions */ = {
			isa = PBXGroup;
			children = (
				A0A112E22C0D586600ED69BB /* Date+FormattedString.swift */,
			);
			path = Extensions;
			sourceTree = "<group>";
		};
		A0A112EC2C0D99CB00ED69BB /* RestaurantDishListView */ = {
			isa = PBXGroup;
			children = (
				A0A112ED2C0D99E100ED69BB /* RestaurantDishListView.swift */,
			);
			path = RestaurantDishListView;
			sourceTree = "<group>";
		};
		A98973812C0A01AB008B1DC1 /* Infrastructure */ = {
			isa = PBXGroup;
			children = (
				A98973942C0A02DF008B1DC1 /* FileGenerator.swift */,
			);
			path = Infrastructure;
			sourceTree = "<group>";
		};
		A98973822C0A01B3008B1DC1 /* Data */ = {
			isa = PBXGroup;
			children = (
				A98973882C0A0213008B1DC1 /* Storage */,
				A98973872C0A0204008B1DC1 /* Repositories */,
				A0A112E42C0D5A1200ED69BB /* Constants.swift */,
			);
			path = Data;
			sourceTree = "<group>";
		};
		A98973832C0A01C0008B1DC1 /* Domain */ = {
			isa = PBXGroup;
			children = (
				A989738B2C0A0256008B1DC1 /* Entities */,
				A98973842C0A01CD008B1DC1 /* Interfaces */,
			);
			path = Domain;
			sourceTree = "<group>";
		};
		A98973842C0A01CD008B1DC1 /* Interfaces */ = {
			isa = PBXGroup;
			children = (
				A98973852C0A01FC008B1DC1 /* ReviewListRepository.swift */,
			);
			path = Interfaces;
			sourceTree = "<group>";
		};
		A98973872C0A0204008B1DC1 /* Repositories */ = {
			isa = PBXGroup;
			children = (
				A98973892C0A0226008B1DC1 /* DefaultReviewListRepository.swift */,
			);
			path = Repositories;
			sourceTree = "<group>";
		};
		A98973882C0A0213008B1DC1 /* Storage */ = {
			isa = PBXGroup;
			children = (
				A98973922C0A02D1008B1DC1 /* ReviewListStorage.swift */,
				A98973962C0A030C008B1DC1 /* RestaurantEntity.swift */,
				A98973982C0A0313008B1DC1 /* DishEntity.swift */,
			);
			path = Storage;
			sourceTree = "<group>";
		};
		A989738B2C0A0256008B1DC1 /* Entities */ = {
			isa = PBXGroup;
			children = (
				A989738C2C0A0270008B1DC1 /* Dish.swift */,
				A989738E2C0A0276008B1DC1 /* Restaurant.swift */,
				A98973902C0A0283008B1DC1 /* TasteCategory.swift */,
			);
			path = Entities;
			sourceTree = "<group>";
		};
		A99D198A2C08A87D004042FD = {
			isa = PBXGroup;
			children = (
				A99D19952C08A87E004042FD /* ShariUI */,
				A99D19942C08A87E004042FD /* Products */,
			);
			sourceTree = "<group>";
		};
		A99D19942C08A87E004042FD /* Products */ = {
			isa = PBXGroup;
			children = (
				A99D19932C08A87E004042FD /* ShariUI.app */,
			);
			name = Products;
			sourceTree = "<group>";
		};
		A99D19952C08A87E004042FD /* ShariUI */ = {
			isa = PBXGroup;
			children = (
				A0A112E12C0D585900ED69BB /* Extensions */,
				A98973832C0A01C0008B1DC1 /* Domain */,
				A98973822C0A01B3008B1DC1 /* Data */,
				A98973812C0A01AB008B1DC1 /* Infrastructure */,
				A99D19A42C08A8E0004042FD /* Application */,
				A99D19A52C08A8E9004042FD /* Presentation */,
				A99D199A2C08A883004042FD /* Assets.xcassets */,
				A99D199C2C08A883004042FD /* Preview Content */,
			);
			path = ShariUI;
			sourceTree = "<group>";
		};
		A99D199C2C08A883004042FD /* Preview Content */ = {
			isa = PBXGroup;
			children = (
				A99D199D2C08A883004042FD /* Preview Assets.xcassets */,
			);
			path = "Preview Content";
			sourceTree = "<group>";
		};
		A99D19A42C08A8E0004042FD /* Application */ = {
			isa = PBXGroup;
			children = (
				A99D19962C08A87E004042FD /* ShariUIApp.swift */,
				A99D19A62C08A8FE004042FD /* AppFlowCoordinator.swift */,
				A99D19A82C08A907004042FD /* AppDIContainer.swift */,
				A99D19AA2C08A913004042FD /* SceneDIContainer.swift */,
				A99D19AC2C08A928004042FD /* AppConfiguration.swift */,
			);
			path = Application;
			sourceTree = "<group>";
		};
		A99D19A52C08A8E9004042FD /* Presentation */ = {
			isa = PBXGroup;
			children = (
				A99D19AE2C08A9BF004042FD /* ViewFlowCoordinator.swift */,
				A0A112EC2C0D99CB00ED69BB /* RestaurantDishListView */,
				A0A112C02C0D3AA100ED69BB /* SettingsView */,
				A0A112BF2C0D3A9900ED69BB /* GlossaryView */,
				A99D19B22C08AEC5004042FD /* RestaurantListView */,
			);
			path = Presentation;
			sourceTree = "<group>";
		};
		A99D19B22C08AEC5004042FD /* RestaurantListView */ = {
			isa = PBXGroup;
			children = (
				A99D19B02C08AABA004042FD /* RestaurantListView.swift */,
				A99D19B32C08AEEA004042FD /* RestaurantListViewModel.swift */,
				A0A112DF2C0D554B00ED69BB /* RestaurantListItemViewModel.swift */,
			);
			path = RestaurantListView;
			sourceTree = "<group>";
		};
/* End PBXGroup section */

/* Begin PBXNativeTarget section */
		A99D19922C08A87E004042FD /* ShariUI */ = {
			isa = PBXNativeTarget;
			buildConfigurationList = A99D19A12C08A883004042FD /* Build configuration list for PBXNativeTarget "ShariUI" */;
			buildPhases = (
				A99D198F2C08A87E004042FD /* Sources */,
				A99D19902C08A87E004042FD /* Frameworks */,
				A99D19912C08A87E004042FD /* Resources */,
			);
			buildRules = (
			);
			dependencies = (
			);
			name = ShariUI;
			productName = ShariUI;
			productReference = A99D19932C08A87E004042FD /* ShariUI.app */;
			productType = "com.apple.product-type.application";
		};
/* End PBXNativeTarget section */

/* Begin PBXProject section */
		A99D198B2C08A87D004042FD /* Project object */ = {
			isa = PBXProject;
			attributes = {
				BuildIndependentTargetsInParallel = 1;
				LastSwiftUpdateCheck = 1540;
				LastUpgradeCheck = 1540;
				TargetAttributes = {
					A99D19922C08A87E004042FD = {
						CreatedOnToolsVersion = 15.4;
					};
				};
			};
			buildConfigurationList = A99D198E2C08A87D004042FD /* Build configuration list for PBXProject "ShariUI" */;
			compatibilityVersion = "Xcode 14.0";
			developmentRegion = en;
			hasScannedForEncodings = 0;
			knownRegions = (
				en,
				Base,
			);
			mainGroup = A99D198A2C08A87D004042FD;
			productRefGroup = A99D19942C08A87E004042FD /* Products */;
			projectDirPath = "";
			projectRoot = "";
			targets = (
				A99D19922C08A87E004042FD /* ShariUI */,
			);
		};
/* End PBXProject section */

/* Begin PBXResourcesBuildPhase section */
		A99D19912C08A87E004042FD /* Resources */ = {
			isa = PBXResourcesBuildPhase;
			buildActionMask = 2147483647;
			files = (
				A99D199E2C08A883004042FD /* Preview Assets.xcassets in Resources */,
				A99D199B2C08A883004042FD /* Assets.xcassets in Resources */,
			);
			runOnlyForDeploymentPostprocessing = 0;
		};
/* End PBXResourcesBuildPhase section */

/* Begin PBXSourcesBuildPhase section */
		A99D198F2C08A87E004042FD /* Sources */ = {
			isa = PBXSourcesBuildPhase;
			buildActionMask = 2147483647;
			files = (
				A0A112E92C0D802300ED69BB /* GlossaryListItemViewModel.swift in Sources */,
				A989738F2C0A0276008B1DC1 /* Restaurant.swift in Sources */,
				A99D19AD2C08A928004042FD /* AppConfiguration.swift in Sources */,
				A989738A2C0A0226008B1DC1 /* DefaultReviewListRepository.swift in Sources */,
				A99D19A92C08A907004042FD /* AppDIContainer.swift in Sources */,
				A98973992C0A0313008B1DC1 /* DishEntity.swift in Sources */,
				A0A112E52C0D5A1200ED69BB /* Constants.swift in Sources */,
				A98973952C0A02DF008B1DC1 /* FileGenerator.swift in Sources */,
				A99D19B12C08AABA004042FD /* RestaurantListView.swift in Sources */,
				A99D19B42C08AEEA004042FD /* RestaurantListViewModel.swift in Sources */,
				A99D19A72C08A8FE004042FD /* AppFlowCoordinator.swift in Sources */,
				A99D19AF2C08A9BF004042FD /* ViewFlowCoordinator.swift in Sources */,
				A0A112EB2C0D808A00ED69BB /* SearchBar.swift in Sources */,
				A98973972C0A030C008B1DC1 /* RestaurantEntity.swift in Sources */,
				A0A112C42C0D3AB800ED69BB /* GlossaryView.swift in Sources */,
				A98973912C0A0283008B1DC1 /* TasteCategory.swift in Sources */,
				A98973862C0A01FC008B1DC1 /* ReviewListRepository.swift in Sources */,
				A0A112E02C0D554B00ED69BB /* RestaurantListItemViewModel.swift in Sources */,
				A98973932C0A02D1008B1DC1 /* ReviewListStorage.swift in Sources */,
				A0A112E72C0D7F4300ED69BB /* GlossaryViewModel.swift in Sources */,
				A989738D2C0A0270008B1DC1 /* Dish.swift in Sources */,
				A0A112EE2C0D99E100ED69BB /* RestaurantDishListView.swift in Sources */,
				A99D19AB2C08A913004042FD /* SceneDIContainer.swift in Sources */,
				A99D19972C08A87E004042FD /* ShariUIApp.swift in Sources */,
				A0A112C22C0D3AB100ED69BB /* SettingsView.swift in Sources */,
				A0A112E32C0D586600ED69BB /* Date+FormattedString.swift in Sources */,
			);
			runOnlyForDeploymentPostprocessing = 0;
		};
/* End PBXSourcesBuildPhase section */

/* Begin XCBuildConfiguration section */
		A99D199F2C08A883004042FD /* Debug */ = {
			isa = XCBuildConfiguration;
			buildSettings = {
				ALWAYS_SEARCH_USER_PATHS = NO;
				ASSETCATALOG_COMPILER_GENERATE_SWIFT_ASSET_SYMBOL_EXTENSIONS = YES;
				CLANG_ANALYZER_NONNULL = YES;
				CLANG_ANALYZER_NUMBER_OBJECT_CONVERSION = YES_AGGRESSIVE;
				CLANG_CXX_LANGUAGE_STANDARD = "gnu++20";
				CLANG_ENABLE_MODULES = YES;
				CLANG_ENABLE_OBJC_ARC = YES;
				CLANG_ENABLE_OBJC_WEAK = YES;
				CLANG_WARN_BLOCK_CAPTURE_AUTORELEASING = YES;
				CLANG_WARN_BOOL_CONVERSION = YES;
				CLANG_WARN_COMMA = YES;
				CLANG_WARN_CONSTANT_CONVERSION = YES;
				CLANG_WARN_DEPRECATED_OBJC_IMPLEMENTATIONS = YES;
				CLANG_WARN_DIRECT_OBJC_ISA_USAGE = YES_ERROR;
				CLANG_WARN_DOCUMENTATION_COMMENTS = YES;
				CLANG_WARN_EMPTY_BODY = YES;
				CLANG_WARN_ENUM_CONVERSION = YES;
				CLANG_WARN_INFINITE_RECURSION = YES;
				CLANG_WARN_INT_CONVERSION = YES;
				CLANG_WARN_NON_LITERAL_NULL_CONVERSION = YES;
				CLANG_WARN_OBJC_IMPLICIT_RETAIN_SELF = YES;
				CLANG_WARN_OBJC_LITERAL_CONVERSION = YES;
				CLANG_WARN_OBJC_ROOT_CLASS = YES_ERROR;
				CLANG_WARN_QUOTED_INCLUDE_IN_FRAMEWORK_HEADER = YES;
				CLANG_WARN_RANGE_LOOP_ANALYSIS = YES;
				CLANG_WARN_STRICT_PROTOTYPES = YES;
				CLANG_WARN_SUSPICIOUS_MOVE = YES;
				CLANG_WARN_UNGUARDED_AVAILABILITY = YES_AGGRESSIVE;
				CLANG_WARN_UNREACHABLE_CODE = YES;
				CLANG_WARN__DUPLICATE_METHOD_MATCH = YES;
				COPY_PHASE_STRIP = NO;
				DEBUG_INFORMATION_FORMAT = dwarf;
				ENABLE_STRICT_OBJC_MSGSEND = YES;
				ENABLE_TESTABILITY = YES;
				ENABLE_USER_SCRIPT_SANDBOXING = YES;
				GCC_C_LANGUAGE_STANDARD = gnu17;
				GCC_DYNAMIC_NO_PIC = NO;
				GCC_NO_COMMON_BLOCKS = YES;
				GCC_OPTIMIZATION_LEVEL = 0;
				GCC_PREPROCESSOR_DEFINITIONS = (
					"DEBUG=1",
					"$(inherited)",
				);
				GCC_WARN_64_TO_32_BIT_CONVERSION = YES;
				GCC_WARN_ABOUT_RETURN_TYPE = YES_ERROR;
				GCC_WARN_UNDECLARED_SELECTOR = YES;
				GCC_WARN_UNINITIALIZED_AUTOS = YES_AGGRESSIVE;
				GCC_WARN_UNUSED_FUNCTION = YES;
				GCC_WARN_UNUSED_VARIABLE = YES;
				IPHONEOS_DEPLOYMENT_TARGET = 17.5;
				LOCALIZATION_PREFERS_STRING_CATALOGS = YES;
				MTL_ENABLE_DEBUG_INFO = INCLUDE_SOURCE;
				MTL_FAST_MATH = YES;
				ONLY_ACTIVE_ARCH = YES;
				SDKROOT = iphoneos;
				SWIFT_ACTIVE_COMPILATION_CONDITIONS = "DEBUG $(inherited)";
				SWIFT_OPTIMIZATION_LEVEL = "-Onone";
			};
			name = Debug;
		};
		A99D19A02C08A883004042FD /* Release */ = {
			isa = XCBuildConfiguration;
			buildSettings = {
				ALWAYS_SEARCH_USER_PATHS = NO;
				ASSETCATALOG_COMPILER_GENERATE_SWIFT_ASSET_SYMBOL_EXTENSIONS = YES;
				CLANG_ANALYZER_NONNULL = YES;
				CLANG_ANALYZER_NUMBER_OBJECT_CONVERSION = YES_AGGRESSIVE;
				CLANG_CXX_LANGUAGE_STANDARD = "gnu++20";
				CLANG_ENABLE_MODULES = YES;
				CLANG_ENABLE_OBJC_ARC = YES;
				CLANG_ENABLE_OBJC_WEAK = YES;
				CLANG_WARN_BLOCK_CAPTURE_AUTORELEASING = YES;
				CLANG_WARN_BOOL_CONVERSION = YES;
				CLANG_WARN_COMMA = YES;
				CLANG_WARN_CONSTANT_CONVERSION = YES;
				CLANG_WARN_DEPRECATED_OBJC_IMPLEMENTATIONS = YES;
				CLANG_WARN_DIRECT_OBJC_ISA_USAGE = YES_ERROR;
				CLANG_WARN_DOCUMENTATION_COMMENTS = YES;
				CLANG_WARN_EMPTY_BODY = YES;
				CLANG_WARN_ENUM_CONVERSION = YES;
				CLANG_WARN_INFINITE_RECURSION = YES;
				CLANG_WARN_INT_CONVERSION = YES;
				CLANG_WARN_NON_LITERAL_NULL_CONVERSION = YES;
				CLANG_WARN_OBJC_IMPLICIT_RETAIN_SELF = YES;
				CLANG_WARN_OBJC_LITERAL_CONVERSION = YES;
				CLANG_WARN_OBJC_ROOT_CLASS = YES_ERROR;
				CLANG_WARN_QUOTED_INCLUDE_IN_FRAMEWORK_HEADER = YES;
				CLANG_WARN_RANGE_LOOP_ANALYSIS = YES;
				CLANG_WARN_STRICT_PROTOTYPES = YES;
				CLANG_WARN_SUSPICIOUS_MOVE = YES;
				CLANG_WARN_UNGUARDED_AVAILABILITY = YES_AGGRESSIVE;
				CLANG_WARN_UNREACHABLE_CODE = YES;
				CLANG_WARN__DUPLICATE_METHOD_MATCH = YES;
				COPY_PHASE_STRIP = NO;
				DEBUG_INFORMATION_FORMAT = "dwarf-with-dsym";
				ENABLE_NS_ASSERTIONS = NO;
				ENABLE_STRICT_OBJC_MSGSEND = YES;
				ENABLE_USER_SCRIPT_SANDBOXING = YES;
				GCC_C_LANGUAGE_STANDARD = gnu17;
				GCC_NO_COMMON_BLOCKS = YES;
				GCC_WARN_64_TO_32_BIT_CONVERSION = YES;
				GCC_WARN_ABOUT_RETURN_TYPE = YES_ERROR;
				GCC_WARN_UNDECLARED_SELECTOR = YES;
				GCC_WARN_UNINITIALIZED_AUTOS = YES_AGGRESSIVE;
				GCC_WARN_UNUSED_FUNCTION = YES;
				GCC_WARN_UNUSED_VARIABLE = YES;
				IPHONEOS_DEPLOYMENT_TARGET = 17.5;
				LOCALIZATION_PREFERS_STRING_CATALOGS = YES;
				MTL_ENABLE_DEBUG_INFO = NO;
				MTL_FAST_MATH = YES;
				SDKROOT = iphoneos;
				SWIFT_COMPILATION_MODE = wholemodule;
				VALIDATE_PRODUCT = YES;
			};
			name = Release;
		};
		A99D19A22C08A883004042FD /* Debug */ = {
			isa = XCBuildConfiguration;
			buildSettings = {
				ASSETCATALOG_COMPILER_APPICON_NAME = AppIcon;
				ASSETCATALOG_COMPILER_GLOBAL_ACCENT_COLOR_NAME = AccentColor;
				CODE_SIGN_STYLE = Automatic;
				CURRENT_PROJECT_VERSION = 1;
				DEVELOPMENT_ASSET_PATHS = "\"ShariUI/Preview Content\"";
				DEVELOPMENT_TEAM = 3ZJJVW89MW;
				ENABLE_PREVIEWS = YES;
				GENERATE_INFOPLIST_FILE = YES;
				INFOPLIST_KEY_UIApplicationSceneManifest_Generation = YES;
				INFOPLIST_KEY_UIApplicationSupportsIndirectInputEvents = YES;
				INFOPLIST_KEY_UILaunchScreen_Generation = YES;
				INFOPLIST_KEY_UISupportedInterfaceOrientations_iPad = "UIInterfaceOrientationPortrait UIInterfaceOrientationPortraitUpsideDown UIInterfaceOrientationLandscapeLeft UIInterfaceOrientationLandscapeRight";
				INFOPLIST_KEY_UISupportedInterfaceOrientations_iPhone = "UIInterfaceOrientationPortrait UIInterfaceOrientationLandscapeLeft UIInterfaceOrientationLandscapeRight";
				IPHONEOS_DEPLOYMENT_TARGET = 17.0;
				LD_RUNPATH_SEARCH_PATHS = (
					"$(inherited)",
					"@executable_path/Frameworks",
				);
				MARKETING_VERSION = 1.0;
				PRODUCT_BUNDLE_IDENTIFIER = com.horus222128.ShariUI;
				PRODUCT_NAME = "$(TARGET_NAME)";
				SWIFT_EMIT_LOC_STRINGS = YES;
				SWIFT_VERSION = 5.0;
				TARGETED_DEVICE_FAMILY = "1,2";
			};
			name = Debug;
		};
		A99D19A32C08A883004042FD /* Release */ = {
			isa = XCBuildConfiguration;
			buildSettings = {
				ASSETCATALOG_COMPILER_APPICON_NAME = AppIcon;
				ASSETCATALOG_COMPILER_GLOBAL_ACCENT_COLOR_NAME = AccentColor;
				CODE_SIGN_STYLE = Automatic;
				CURRENT_PROJECT_VERSION = 1;
				DEVELOPMENT_ASSET_PATHS = "\"ShariUI/Preview Content\"";
				DEVELOPMENT_TEAM = 3ZJJVW89MW;
				ENABLE_PREVIEWS = YES;
				GENERATE_INFOPLIST_FILE = YES;
				INFOPLIST_KEY_UIApplicationSceneManifest_Generation = YES;
				INFOPLIST_KEY_UIApplicationSupportsIndirectInputEvents = YES;
				INFOPLIST_KEY_UILaunchScreen_Generation = YES;
				INFOPLIST_KEY_UISupportedInterfaceOrientations_iPad = "UIInterfaceOrientationPortrait UIInterfaceOrientationPortraitUpsideDown UIInterfaceOrientationLandscapeLeft UIInterfaceOrientationLandscapeRight";
				INFOPLIST_KEY_UISupportedInterfaceOrientations_iPhone = "UIInterfaceOrientationPortrait UIInterfaceOrientationLandscapeLeft UIInterfaceOrientationLandscapeRight";
				IPHONEOS_DEPLOYMENT_TARGET = 17.0;
				LD_RUNPATH_SEARCH_PATHS = (
					"$(inherited)",
					"@executable_path/Frameworks",
				);
				MARKETING_VERSION = 1.0;
				PRODUCT_BUNDLE_IDENTIFIER = com.horus222128.ShariUI;
				PRODUCT_NAME = "$(TARGET_NAME)";
				SWIFT_EMIT_LOC_STRINGS = YES;
				SWIFT_VERSION = 5.0;
				TARGETED_DEVICE_FAMILY = "1,2";
			};
			name = Release;
		};
/* End XCBuildConfiguration section */

/* Begin XCConfigurationList section */
		A99D198E2C08A87D004042FD /* Build configuration list for PBXProject "ShariUI" */ = {
			isa = XCConfigurationList;
			buildConfigurations = (
				A99D199F2C08A883004042FD /* Debug */,
				A99D19A02C08A883004042FD /* Release */,
			);
			defaultConfigurationIsVisible = 0;
			defaultConfigurationName = Release;
		};
		A99D19A12C08A883004042FD /* Build configuration list for PBXNativeTarget "ShariUI" */ = {
			isa = XCConfigurationList;
			buildConfigurations = (
				A99D19A22C08A883004042FD /* Debug */,
				A99D19A32C08A883004042FD /* Release */,
			);
			defaultConfigurationIsVisible = 0;
			defaultConfigurationName = Release;
		};
/* End XCConfigurationList section */
	};
	rootObject = A99D198B2C08A87D004042FD /* Project object */;
}
